// !$*UTF8*$!
{
	archiveVersion = 1;
	classes = {
	};
	objectVersion = 46;
	objects = {

/* Begin PBXBuildFile section */
		67221EEF1DC9BA6400CFBCD3 /* MenuViewController.swift in Sources */ = {isa = PBXBuildFile; fileRef = 67221EEE1DC9BA6400CFBCD3 /* MenuViewController.swift */; };
		672E5D141DC31DF1009C724C /* User.swift in Sources */ = {isa = PBXBuildFile; fileRef = 672E5D131DC31DF1009C724C /* User.swift */; };
		672E5D161DC31DFB009C724C /* Tweet.swift in Sources */ = {isa = PBXBuildFile; fileRef = 672E5D151DC31DFB009C724C /* Tweet.swift */; };
		674E8CBE1DBEBE8600D465E0 /* AppDelegate.swift in Sources */ = {isa = PBXBuildFile; fileRef = 674E8CBD1DBEBE8600D465E0 /* AppDelegate.swift */; };
		674E8CC01DBEBE8600D465E0 /* TweetsViewController.swift in Sources */ = {isa = PBXBuildFile; fileRef = 674E8CBF1DBEBE8600D465E0 /* TweetsViewController.swift */; };
		674E8CC31DBEBE8600D465E0 /* Main.storyboard in Resources */ = {isa = PBXBuildFile; fileRef = 674E8CC11DBEBE8600D465E0 /* Main.storyboard */; };
		674E8CC51DBEBE8600D465E0 /* Images.xcassets in Resources */ = {isa = PBXBuildFile; fileRef = 674E8CC41DBEBE8600D465E0 /* Images.xcassets */; };
		674E8CC81DBEBE8600D465E0 /* LaunchScreen.storyboard in Resources */ = {isa = PBXBuildFile; fileRef = 674E8CC61DBEBE8600D465E0 /* LaunchScreen.storyboard */; };
		676A6BBB1DBEC8DD008BD753 /* TweetDetailsViewController.swift in Sources */ = {isa = PBXBuildFile; fileRef = 676A6BBA1DBEC8DD008BD753 /* TweetDetailsViewController.swift */; };
		676A6BBF1DBECA6D008BD753 /* NewTweetViewController.swift in Sources */ = {isa = PBXBuildFile; fileRef = 676A6BBE1DBECA6D008BD753 /* NewTweetViewController.swift */; };
		676A6BC11DBECA99008BD753 /* TweetCell.swift in Sources */ = {isa = PBXBuildFile; fileRef = 676A6BC01DBECA99008BD753 /* TweetCell.swift */; };
		67718CA91DC1C10E0066F0FC /* TwitterClient.swift in Sources */ = {isa = PBXBuildFile; fileRef = 67718CA81DC1C10E0066F0FC /* TwitterClient.swift */; };
		67718CAB1DC1C4EA0066F0FC /* LoginViewController.swift in Sources */ = {isa = PBXBuildFile; fileRef = 67718CAA1DC1C4EA0066F0FC /* LoginViewController.swift */; };
		67B910901DC53F43004E2CF0 /* DetailsCell.swift in Sources */ = {isa = PBXBuildFile; fileRef = 67B9108F1DC53F43004E2CF0 /* DetailsCell.swift */; };
		67B910921DC53F4D004E2CF0 /* ActionsCell.swift in Sources */ = {isa = PBXBuildFile; fileRef = 67B910911DC53F4D004E2CF0 /* ActionsCell.swift */; };
		67B910961DC54E20004E2CF0 /* NewTweetView.swift in Sources */ = {isa = PBXBuildFile; fileRef = 67B910951DC54E20004E2CF0 /* NewTweetView.swift */; };
		67C082871DC7108B00A9ED86 /* Date+OffsetFrom.swift in Sources */ = {isa = PBXBuildFile; fileRef = 67C082861DC7108B00A9ED86 /* Date+OffsetFrom.swift */; };
		67EA37D51DC8687A00688CA9 /* HamburgerViewController.swift in Sources */ = {isa = PBXBuildFile; fileRef = 67EA37D41DC8687A00688CA9 /* HamburgerViewController.swift */; };
		67F4F37D1DC6D8DA0037DF87 /* UserViewController.swift in Sources */ = {isa = PBXBuildFile; fileRef = 67F4F37C1DC6D8DA0037DF87 /* UserViewController.swift */; };
		67F4F37F1DC6DE020037DF87 /* UserCell.swift in Sources */ = {isa = PBXBuildFile; fileRef = 67F4F37E1DC6DE020037DF87 /* UserCell.swift */; };
		E23C43C2B82F3E36AF845431 /* Pods_Tweeter.framework in Frameworks */ = {isa = PBXBuildFile; fileRef = E4B18E995D77122F7D93FDFC /* Pods_Tweeter.framework */; };
/* End PBXBuildFile section */

/* Begin PBXFileReference section */
		13CB5C86C283A69F56966033 /* Pods-Tweeter.release.xcconfig */ = {isa = PBXFileReference; includeInIndex = 1; lastKnownFileType = text.xcconfig; name = "Pods-Tweeter.release.xcconfig"; path = "Pods/Target Support Files/Pods-Tweeter/Pods-Tweeter.release.xcconfig"; sourceTree = "<group>"; };
		67221EEE1DC9BA6400CFBCD3 /* MenuViewController.swift */ = {isa = PBXFileReference; fileEncoding = 4; lastKnownFileType = sourcecode.swift; path = MenuViewController.swift; sourceTree = "<group>"; };
		672E5D131DC31DF1009C724C /* User.swift */ = {isa = PBXFileReference; fileEncoding = 4; lastKnownFileType = sourcecode.swift; path = User.swift; sourceTree = "<group>"; };
		672E5D151DC31DFB009C724C /* Tweet.swift */ = {isa = PBXFileReference; fileEncoding = 4; lastKnownFileType = sourcecode.swift; path = Tweet.swift; sourceTree = "<group>"; };
		674E8CBA1DBEBE8600D465E0 /* Tweeter.app */ = {isa = PBXFileReference; explicitFileType = wrapper.application; includeInIndex = 0; path = Tweeter.app; sourceTree = BUILT_PRODUCTS_DIR; };
		674E8CBD1DBEBE8600D465E0 /* AppDelegate.swift */ = {isa = PBXFileReference; lastKnownFileType = sourcecode.swift; path = AppDelegate.swift; sourceTree = "<group>"; };
		674E8CBF1DBEBE8600D465E0 /* TweetsViewController.swift */ = {isa = PBXFileReference; lastKnownFileType = sourcecode.swift; path = TweetsViewController.swift; sourceTree = "<group>"; };
		674E8CC21DBEBE8600D465E0 /* Base */ = {isa = PBXFileReference; lastKnownFileType = file.storyboard; name = Base; path = Base.lproj/Main.storyboard; sourceTree = "<group>"; };
		674E8CC41DBEBE8600D465E0 /* Images.xcassets */ = {isa = PBXFileReference; lastKnownFileType = folder.assetcatalog; path = Images.xcassets; sourceTree = "<group>"; };
		674E8CC71DBEBE8600D465E0 /* Base */ = {isa = PBXFileReference; lastKnownFileType = file.storyboard; name = Base; path = Base.lproj/LaunchScreen.storyboard; sourceTree = "<group>"; };
		674E8CC91DBEBE8600D465E0 /* Info.plist */ = {isa = PBXFileReference; lastKnownFileType = text.plist.xml; path = Info.plist; sourceTree = "<group>"; };
		676A6BBA1DBEC8DD008BD753 /* TweetDetailsViewController.swift */ = {isa = PBXFileReference; fileEncoding = 4; lastKnownFileType = sourcecode.swift; path = TweetDetailsViewController.swift; sourceTree = "<group>"; };
		676A6BBE1DBECA6D008BD753 /* NewTweetViewController.swift */ = {isa = PBXFileReference; fileEncoding = 4; lastKnownFileType = sourcecode.swift; path = NewTweetViewController.swift; sourceTree = "<group>"; };
		676A6BC01DBECA99008BD753 /* TweetCell.swift */ = {isa = PBXFileReference; fileEncoding = 4; lastKnownFileType = sourcecode.swift; path = TweetCell.swift; sourceTree = "<group>"; };
		67718CA81DC1C10E0066F0FC /* TwitterClient.swift */ = {isa = PBXFileReference; fileEncoding = 4; lastKnownFileType = sourcecode.swift; path = TwitterClient.swift; sourceTree = "<group>"; };
		67718CAA1DC1C4EA0066F0FC /* LoginViewController.swift */ = {isa = PBXFileReference; fileEncoding = 4; lastKnownFileType = sourcecode.swift; path = LoginViewController.swift; sourceTree = "<group>"; };
		67B9108E1DC51530004E2CF0 /* Tweeter.entitlements */ = {isa = PBXFileReference; lastKnownFileType = text.plist.entitlements; path = Tweeter.entitlements; sourceTree = "<group>"; };
		67B9108F1DC53F43004E2CF0 /* DetailsCell.swift */ = {isa = PBXFileReference; fileEncoding = 4; lastKnownFileType = sourcecode.swift; path = DetailsCell.swift; sourceTree = "<group>"; };
		67B910911DC53F4D004E2CF0 /* ActionsCell.swift */ = {isa = PBXFileReference; fileEncoding = 4; lastKnownFileType = sourcecode.swift; path = ActionsCell.swift; sourceTree = "<group>"; };
		67B910951DC54E20004E2CF0 /* NewTweetView.swift */ = {isa = PBXFileReference; fileEncoding = 4; lastKnownFileType = sourcecode.swift; path = NewTweetView.swift; sourceTree = "<group>"; };
		67C082861DC7108B00A9ED86 /* Date+OffsetFrom.swift */ = {isa = PBXFileReference; fileEncoding = 4; lastKnownFileType = sourcecode.swift; path = "Date+OffsetFrom.swift"; sourceTree = "<group>"; };
		67E422A21DC1BCA900893540 /* Tweeter-Bridging-Header.h */ = {isa = PBXFileReference; lastKnownFileType = sourcecode.c.h; path = "Tweeter-Bridging-Header.h"; sourceTree = "<group>"; };
		67EA37D41DC8687A00688CA9 /* HamburgerViewController.swift */ = {isa = PBXFileReference; fileEncoding = 4; lastKnownFileType = sourcecode.swift; path = HamburgerViewController.swift; sourceTree = "<group>"; };
		67F4F37C1DC6D8DA0037DF87 /* UserViewController.swift */ = {isa = PBXFileReference; fileEncoding = 4; lastKnownFileType = sourcecode.swift; path = UserViewController.swift; sourceTree = "<group>"; };
		67F4F37E1DC6DE020037DF87 /* UserCell.swift */ = {isa = PBXFileReference; fileEncoding = 4; lastKnownFileType = sourcecode.swift; path = UserCell.swift; sourceTree = "<group>"; };
		84598D1C58D33A104BBCABB3 /* Pods-Tweeter.debug.xcconfig */ = {isa = PBXFileReference; includeInIndex = 1; lastKnownFileType = text.xcconfig; name = "Pods-Tweeter.debug.xcconfig"; path = "Pods/Target Support Files/Pods-Tweeter/Pods-Tweeter.debug.xcconfig"; sourceTree = "<group>"; };
		E4B18E995D77122F7D93FDFC /* Pods_Tweeter.framework */ = {isa = PBXFileReference; explicitFileType = wrapper.framework; includeInIndex = 0; path = Pods_Tweeter.framework; sourceTree = BUILT_PRODUCTS_DIR; };
/* End PBXFileReference section */

/* Begin PBXFrameworksBuildPhase section */
		674E8CB71DBEBE8500D465E0 /* Frameworks */ = {
			isa = PBXFrameworksBuildPhase;
			buildActionMask = 2147483647;
			files = (
				E23C43C2B82F3E36AF845431 /* Pods_Tweeter.framework in Frameworks */,
			);
			runOnlyForDeploymentPostprocessing = 0;
		};
/* End PBXFrameworksBuildPhase section */

/* Begin PBXGroup section */
		5977B5E7711BC5E0F36BFCB3 /* Frameworks */ = {
			isa = PBXGroup;
			children = (
				E4B18E995D77122F7D93FDFC /* Pods_Tweeter.framework */,
			);
			name = Frameworks;
			sourceTree = "<group>";
		};
		674E8CB11DBEBE8500D465E0 = {
			isa = PBXGroup;
			children = (
				674E8CBC1DBEBE8600D465E0 /* Tweeter */,
				674E8CBB1DBEBE8600D465E0 /* Products */,
				89C6DF382BF106EC61B6BBC5 /* Pods */,
				5977B5E7711BC5E0F36BFCB3 /* Frameworks */,
			);
			sourceTree = "<group>";
		};
		674E8CBB1DBEBE8600D465E0 /* Products */ = {
			isa = PBXGroup;
			children = (
				674E8CBA1DBEBE8600D465E0 /* Tweeter.app */,
			);
			name = Products;
			sourceTree = "<group>";
		};
		674E8CBC1DBEBE8600D465E0 /* Tweeter */ = {
			isa = PBXGroup;
			children = (
				67B9108E1DC51530004E2CF0 /* Tweeter.entitlements */,
				676A6BC21DBECDF4008BD753 /* API */,
				676A6BBD1DBEC9DD008BD753 /* Models */,
				676A6BBC1DBEC9D4008BD753 /* Views */,
				676A6BB91DBEC8C1008BD753 /* View Controllers */,
				674E8CBD1DBEBE8600D465E0 /* AppDelegate.swift */,
				67C082861DC7108B00A9ED86 /* Date+OffsetFrom.swift */,
				674E8CC11DBEBE8600D465E0 /* Main.storyboard */,
				674E8CC61DBEBE8600D465E0 /* LaunchScreen.storyboard */,
				674E8CC41DBEBE8600D465E0 /* Images.xcassets */,
				674E8CC91DBEBE8600D465E0 /* Info.plist */,
				67E422A21DC1BCA900893540 /* Tweeter-Bridging-Header.h */,
			);
			path = Tweeter;
			sourceTree = "<group>";
		};
		676A6BB91DBEC8C1008BD753 /* View Controllers */ = {
			isa = PBXGroup;
			children = (
				67EA37D41DC8687A00688CA9 /* HamburgerViewController.swift */,
				67718CAA1DC1C4EA0066F0FC /* LoginViewController.swift */,
				67221EEE1DC9BA6400CFBCD3 /* MenuViewController.swift */,
				676A6BBE1DBECA6D008BD753 /* NewTweetViewController.swift */,
				674E8CBF1DBEBE8600D465E0 /* TweetsViewController.swift */,
				676A6BBA1DBEC8DD008BD753 /* TweetDetailsViewController.swift */,
				67F4F37C1DC6D8DA0037DF87 /* UserViewController.swift */,
			);
			name = "View Controllers";
			sourceTree = "<group>";
		};
		676A6BBC1DBEC9D4008BD753 /* Views */ = {
			isa = PBXGroup;
			children = (
				67B910911DC53F4D004E2CF0 /* ActionsCell.swift */,
				67B9108F1DC53F43004E2CF0 /* DetailsCell.swift */,
				67B910951DC54E20004E2CF0 /* NewTweetView.swift */,
				676A6BC01DBECA99008BD753 /* TweetCell.swift */,
				67F4F37E1DC6DE020037DF87 /* UserCell.swift */,
			);
			name = Views;
			sourceTree = "<group>";
		};
		676A6BBD1DBEC9DD008BD753 /* Models */ = {
			isa = PBXGroup;
			children = (
				672E5D131DC31DF1009C724C /* User.swift */,
				672E5D151DC31DFB009C724C /* Tweet.swift */,
			);
			name = Models;
			sourceTree = "<group>";
		};
		676A6BC21DBECDF4008BD753 /* API */ = {
			isa = PBXGroup;
			children = (
				67718CA81DC1C10E0066F0FC /* TwitterClient.swift */,
			);
			name = API;
			sourceTree = "<group>";
		};
		89C6DF382BF106EC61B6BBC5 /* Pods */ = {
			isa = PBXGroup;
			children = (
				84598D1C58D33A104BBCABB3 /* Pods-Tweeter.debug.xcconfig */,
				13CB5C86C283A69F56966033 /* Pods-Tweeter.release.xcconfig */,
			);
			name = Pods;
			sourceTree = "<group>";
		};
/* End PBXGroup section */

/* Begin PBXNativeTarget section */
		674E8CB91DBEBE8500D465E0 /* Tweeter */ = {
			isa = PBXNativeTarget;
			buildConfigurationList = 674E8CCC1DBEBE8600D465E0 /* Build configuration list for PBXNativeTarget "Tweeter" */;
			buildPhases = (
				B63374EC631CE81422621757 /* [CP] Check Pods Manifest.lock */,
				674E8CB61DBEBE8500D465E0 /* Sources */,
				674E8CB71DBEBE8500D465E0 /* Frameworks */,
				674E8CB81DBEBE8500D465E0 /* Resources */,
				809371FBA391DB70DA825649 /* [CP] Embed Pods Frameworks */,
				E5449BAF9372519D96ACF7D0 /* [CP] Copy Pods Resources */,
			);
			buildRules = (
			);
			dependencies = (
			);
			name = Tweeter;
			productName = Tweeter;
			productReference = 674E8CBA1DBEBE8600D465E0 /* Tweeter.app */;
			productType = "com.apple.product-type.application";
		};
/* End PBXNativeTarget section */

/* Begin PBXProject section */
		674E8CB21DBEBE8500D465E0 /* Project object */ = {
			isa = PBXProject;
			attributes = {
				LastSwiftUpdateCheck = 0800;
				LastUpgradeCheck = 0800;
				ORGANIZATIONNAME = "Bianca Curutan";
				TargetAttributes = {
					674E8CB91DBEBE8500D465E0 = {
						CreatedOnToolsVersion = 8.0;
						DevelopmentTeam = 22FG2JE75X;
						LastSwiftMigration = 0800;
						ProvisioningStyle = Automatic;
						SystemCapabilities = {
							com.apple.Keychain = {
								enabled = 1;
							};
						};
					};
				};
			};
			buildConfigurationList = 674E8CB51DBEBE8500D465E0 /* Build configuration list for PBXProject "Tweeter" */;
			compatibilityVersion = "Xcode 3.2";
			developmentRegion = English;
			hasScannedForEncodings = 0;
			knownRegions = (
				en,
				Base,
			);
			mainGroup = 674E8CB11DBEBE8500D465E0;
			productRefGroup = 674E8CBB1DBEBE8600D465E0 /* Products */;
			projectDirPath = "";
			projectRoot = "";
			targets = (
				674E8CB91DBEBE8500D465E0 /* Tweeter */,
			);
		};
/* End PBXProject section */

/* Begin PBXResourcesBuildPhase section */
		674E8CB81DBEBE8500D465E0 /* Resources */ = {
			isa = PBXResourcesBuildPhase;
			buildActionMask = 2147483647;
			files = (
				674E8CC81DBEBE8600D465E0 /* LaunchScreen.storyboard in Resources */,
				674E8CC51DBEBE8600D465E0 /* Images.xcassets in Resources */,
				674E8CC31DBEBE8600D465E0 /* Main.storyboard in Resources */,
			);
			runOnlyForDeploymentPostprocessing = 0;
		};
/* End PBXResourcesBuildPhase section */

/* Begin PBXShellScriptBuildPhase section */
		809371FBA391DB70DA825649 /* [CP] Embed Pods Frameworks */ = {
			isa = PBXShellScriptBuildPhase;
			buildActionMask = 2147483647;
			files = (
			);
			inputPaths = (
			);
			name = "[CP] Embed Pods Frameworks";
			outputPaths = (
			);
			runOnlyForDeploymentPostprocessing = 0;
			shellPath = /bin/sh;
			shellScript = "\"${SRCROOT}/Pods/Target Support Files/Pods-Tweeter/Pods-Tweeter-frameworks.sh\"\n";
			showEnvVarsInLog = 0;
		};
		B63374EC631CE81422621757 /* [CP] Check Pods Manifest.lock */ = {
			isa = PBXShellScriptBuildPhase;
			buildActionMask = 2147483647;
			files = (
			);
			inputPaths = (
			);
			name = "[CP] Check Pods Manifest.lock";
			outputPaths = (
			);
			runOnlyForDeploymentPostprocessing = 0;
			shellPath = /bin/sh;
			shellScript = "diff \"${PODS_ROOT}/../Podfile.lock\" \"${PODS_ROOT}/Manifest.lock\" > /dev/null\nif [[ $? != 0 ]] ; then\n    cat << EOM\nerror: The sandbox is not in sync with the Podfile.lock. Run 'pod install' or update your CocoaPods installation.\nEOM\n    exit 1\nfi\n";
			showEnvVarsInLog = 0;
		};
		E5449BAF9372519D96ACF7D0 /* [CP] Copy Pods Resources */ = {
			isa = PBXShellScriptBuildPhase;
			buildActionMask = 2147483647;
			files = (
			);
			inputPaths = (
			);
			name = "[CP] Copy Pods Resources";
			outputPaths = (
			);
			runOnlyForDeploymentPostprocessing = 0;
			shellPath = /bin/sh;
			shellScript = "\"${SRCROOT}/Pods/Target Support Files/Pods-Tweeter/Pods-Tweeter-resources.sh\"\n";
			showEnvVarsInLog = 0;
		};
/* End PBXShellScriptBuildPhase section */

/* Begin PBXSourcesBuildPhase section */
		674E8CB61DBEBE8500D465E0 /* Sources */ = {
			isa = PBXSourcesBuildPhase;
			buildActionMask = 2147483647;
			files = (
				67EA37D51DC8687A00688CA9 /* HamburgerViewController.swift in Sources */,
				67F4F37D1DC6D8DA0037DF87 /* UserViewController.swift in Sources */,
				67718CAB1DC1C4EA0066F0FC /* LoginViewController.swift in Sources */,
				674E8CC01DBEBE8600D465E0 /* TweetsViewController.swift in Sources */,
				67C082871DC7108B00A9ED86 /* Date+OffsetFrom.swift in Sources */,
				67B910901DC53F43004E2CF0 /* DetailsCell.swift in Sources */,
				676A6BBF1DBECA6D008BD753 /* NewTweetViewController.swift in Sources */,
				672E5D161DC31DFB009C724C /* Tweet.swift in Sources */,
				67B910961DC54E20004E2CF0 /* NewTweetView.swift in Sources */,
				676A6BC11DBECA99008BD753 /* TweetCell.swift in Sources */,
				672E5D141DC31DF1009C724C /* User.swift in Sources */,
				674E8CBE1DBEBE8600D465E0 /* AppDelegate.swift in Sources */,
				67221EEF1DC9BA6400CFBCD3 /* MenuViewController.swift in Sources */,
				67718CA91DC1C10E0066F0FC /* TwitterClient.swift in Sources */,
				67F4F37F1DC6DE020037DF87 /* UserCell.swift in Sources */,
				676A6BBB1DBEC8DD008BD753 /* TweetDetailsViewController.swift in Sources */,
				67B910921DC53F4D004E2CF0 /* ActionsCell.swift in Sources */,
			);
			runOnlyForDeploymentPostprocessing = 0;
		};
/* End PBXSourcesBuildPhase section */

/* Begin PBXVariantGroup section */
		674E8CC11DBEBE8600D465E0 /* Main.storyboard */ = {
			isa = PBXVariantGroup;
			children = (
				674E8CC21DBEBE8600D465E0 /* Base */,
			);
			name = Main.storyboard;
			sourceTree = "<group>";
		};
		674E8CC61DBEBE8600D465E0 /* LaunchScreen.storyboard */ = {
			isa = PBXVariantGroup;
			children = (
				674E8CC71DBEBE8600D465E0 /* Base */,
			);
			name = LaunchScreen.storyboard;
			sourceTree = "<group>";
		};
/* End PBXVariantGroup section */

/* Begin XCBuildConfiguration section */
		674E8CCA1DBEBE8600D465E0 /* Debug */ = {
			isa = XCBuildConfiguration;
			buildSettings = {
				ALWAYS_SEARCH_USER_PATHS = NO;
				CLANG_ANALYZER_NONNULL = YES;
				CLANG_CXX_LANGUAGE_STANDARD = "gnu++0x";
				CLANG_CXX_LIBRARY = "libc++";
				CLANG_ENABLE_MODULES = YES;
				CLANG_ENABLE_OBJC_ARC = YES;
				CLANG_WARN_BOOL_CONVERSION = YES;
				CLANG_WARN_CONSTANT_CONVERSION = YES;
				CLANG_WARN_DIRECT_OBJC_ISA_USAGE = YES_ERROR;
				CLANG_WARN_DOCUMENTATION_COMMENTS = YES;
				CLANG_WARN_EMPTY_BODY = YES;
				CLANG_WARN_ENUM_CONVERSION = YES;
				CLANG_WARN_INFINITE_RECURSION = YES;
				CLANG_WARN_INT_CONVERSION = YES;
				CLANG_WARN_OBJC_ROOT_CLASS = YES_ERROR;
				CLANG_WARN_SUSPICIOUS_MOVE = YES;
				CLANG_WARN_SUSPICIOUS_MOVES = YES;
				CLANG_WARN_UNREACHABLE_CODE = YES;
				CLANG_WARN__DUPLICATE_METHOD_MATCH = YES;
				"CODE_SIGN_IDENTITY[sdk=iphoneos*]" = "iPhone Developer";
				COPY_PHASE_STRIP = NO;
				DEBUG_INFORMATION_FORMAT = dwarf;
				ENABLE_STRICT_OBJC_MSGSEND = YES;
				ENABLE_TESTABILITY = YES;
				GCC_C_LANGUAGE_STANDARD = gnu99;
				GCC_DYNAMIC_NO_PIC = NO;
				GCC_NO_COMMON_BLOCKS = YES;
				GCC_OPTIMIZATION_LEVEL = 0;
				GCC_PREPROCESSOR_DEFINITIONS = (
					"DEBUG=1",
					"$(inherited)",
				);
				GCC_WARN_64_TO_32_BIT_CONVERSION = YES;
				GCC_WARN_ABOUT_RETURN_TYPE = YES_ERROR;
				GCC_WARN_UNDECLARED_SELECTOR = YES;
				GCC_WARN_UNINITIALIZED_AUTOS = YES_AGGRESSIVE;
				GCC_WARN_UNUSED_FUNCTION = YES;
				GCC_WARN_UNUSED_VARIABLE = YES;
				IPHONEOS_DEPLOYMENT_TARGET = 10.0;
				MTL_ENABLE_DEBUG_INFO = YES;
				ONLY_ACTIVE_ARCH = YES;
				SDKROOT = iphoneos;
				SWIFT_ACTIVE_COMPILATION_CONDITIONS = DEBUG;
				SWIFT_OPTIMIZATION_LEVEL = "-Onone";
				TARGETED_DEVICE_FAMILY = "1,2";
			};
			name = Debug;
		};
		674E8CCB1DBEBE8600D465E0 /* Release */ = {
			isa = XCBuildConfiguration;
			buildSettings = {
				ALWAYS_SEARCH_USER_PATHS = NO;
				CLANG_ANALYZER_NONNULL = YES;
				CLANG_CXX_LANGUAGE_STANDARD = "gnu++0x";
				CLANG_CXX_LIBRARY = "libc++";
				CLANG_ENABLE_MODULES = YES;
				CLANG_ENABLE_OBJC_ARC = YES;
				CLANG_WARN_BOOL_CONVERSION = YES;
				CLANG_WARN_CONSTANT_CONVERSION = YES;
				CLANG_WARN_DIRECT_OBJC_ISA_USAGE = YES_ERROR;
				CLANG_WARN_DOCUMENTATION_COMMENTS = YES;
				CLANG_WARN_EMPTY_BODY = YES;
				CLANG_WARN_ENUM_CONVERSION = YES;
				CLANG_WARN_INFINITE_RECURSION = YES;
				CLANG_WARN_INT_CONVERSION = YES;
				CLANG_WARN_OBJC_ROOT_CLASS = YES_ERROR;
				CLANG_WARN_SUSPICIOUS_MOVE = YES;
				CLANG_WARN_SUSPICIOUS_MOVES = YES;
				CLANG_WARN_UNREACHABLE_CODE = YES;
				CLANG_WARN__DUPLICATE_METHOD_MATCH = YES;
				"CODE_SIGN_IDENTITY[sdk=iphoneos*]" = "iPhone Developer";
				COPY_PHASE_STRIP = NO;
				DEBUG_INFORMATION_FORMAT = "dwarf-with-dsym";
				ENABLE_NS_ASSERTIONS = NO;
				ENABLE_STRICT_OBJC_MSGSEND = YES;
				GCC_C_LANGUAGE_STANDARD = gnu99;
				GCC_NO_COMMON_BLOCKS = YES;
				GCC_WARN_64_TO_32_BIT_CONVERSION = YES;
				GCC_WARN_ABOUT_RETURN_TYPE = YES_ERROR;
				GCC_WARN_UNDECLARED_SELECTOR = YES;
				GCC_WARN_UNINITIALIZED_AUTOS = YES_AGGRESSIVE;
				GCC_WARN_UNUSED_FUNCTION = YES;
				GCC_WARN_UNUSED_VARIABLE = YES;
				IPHONEOS_DEPLOYMENT_TARGET = 10.0;
				MTL_ENABLE_DEBUG_INFO = NO;
				SDKROOT = iphoneos;
				SWIFT_OPTIMIZATION_LEVEL = "-Owholemodule";
				TARGETED_DEVICE_FAMILY = "1,2";
				VALIDATE_PRODUCT = YES;
			};
			name = Release;
		};
		674E8CCD1DBEBE8600D465E0 /* Debug */ = {
			isa = XCBuildConfiguration;
			baseConfigurationReference = 84598D1C58D33A104BBCABB3 /* Pods-Tweeter.debug.xcconfig */;
			buildSettings = {
				ALWAYS_EMBED_SWIFT_STANDARD_LIBRARIES = YES;
				ASSETCATALOG_COMPILER_APPICON_NAME = AppIcon;
				CLANG_ENABLE_MODULES = YES;
				CODE_SIGN_ENTITLEMENTS = Tweeter/Tweeter.entitlements;
				DEVELOPMENT_TEAM = 22FG2JE75X;
				INFOPLIST_FILE = Tweeter/Info.plist;
				LD_RUNPATH_SEARCH_PATHS = "$(inherited) @executable_path/Frameworks";
				PRODUCT_BUNDLE_IDENTIFIER = com.bmcurutan.Tweeter;
				PRODUCT_NAME = "$(TARGET_NAME)";
				SWIFT_OBJC_BRIDGING_HEADER = "Tweeter/Tweeter-Bridging-Header.h";
				SWIFT_OPTIMIZATION_LEVEL = "-Onone";
				SWIFT_VERSION = 3.0;
			};
			name = Debug;
		};
		674E8CCE1DBEBE8600D465E0 /* Release */ = {
			isa = XCBuildConfiguration;
			baseConfigurationReference = 13CB5C86C283A69F56966033 /* Pods-Tweeter.release.xcconfig */;
			buildSettings = {
				ALWAYS_EMBED_SWIFT_STANDARD_LIBRARIES = YES;
				ASSETCATALOG_COMPILER_APPICON_NAME = AppIcon;
				CLANG_ENABLE_MODULES = YES;
				CODE_SIGN_ENTITLEMENTS = Tweeter/Tweeter.entitlements;
				DEVELOPMENT_TEAM = 22FG2JE75X;
				INFOPLIST_FILE = Tweeter/Info.plist;
				LD_RUNPATH_SEARCH_PATHS = "$(inherited) @executable_path/Frameworks";
				PRODUCT_BUNDLE_IDENTIFIER = com.bmcurutan.Tweeter;
				PRODUCT_NAME = "$(TARGET_NAME)";
				SWIFT_OBJC_BRIDGING_HEADER = "Tweeter/Tweeter-Bridging-Header.h";
				SWIFT_VERSION = 3.0;
			};
			name = Release;
		};
/* End XCBuildConfiguration section */

/* Begin XCConfigurationList section */
		674E8CB51DBEBE8500D465E0 /* Build configuration list for PBXProject "Tweeter" */ = {
			isa = XCConfigurationList;
			buildConfigurations = (
				674E8CCA1DBEBE8600D465E0 /* Debug */,
				674E8CCB1DBEBE8600D465E0 /* Release */,
			);
			defaultConfigurationIsVisible = 0;
			defaultConfigurationName = Release;
		};
		674E8CCC1DBEBE8600D465E0 /* Build configuration list for PBXNativeTarget "Tweeter" */ = {
			isa = XCConfigurationList;
			buildConfigurations = (
				674E8CCD1DBEBE8600D465E0 /* Debug */,
				674E8CCE1DBEBE8600D465E0 /* Release */,
			);
			defaultConfigurationIsVisible = 0;
			defaultConfigurationName = Release;
		};
/* End XCConfigurationList section */
	};
	rootObject = 674E8CB21DBEBE8500D465E0 /* Project object */;
}
